
Microsoft Visual Studio Solution File, Format Version 12.00
# Visual Studio 2013
VisualStudioVersion = 12.0.31101.0
MinimumVisualStudioVersion = 10.0.40219.1
Project("{FAE04EC0-301F-11D3-BF4B-00C04F79EFBC}") = "Linea11", "Linea11\Linea11.csproj", "{8330BA47-6A57-4359-A616-C61A17A74193}"
EndProject
Project("{FAE04EC0-301F-11D3-BF4B-00C04F79EFBC}") = "SaS", "..\..\Store\SaS\SaS.csproj", "{F8CB98DD-0465-49FD-9952-34E5A28888F2}"
EndProject
Global
	GlobalSection(SolutionConfigurationPlatforms) = preSolution
		Debug|Any CPU = Debug|Any CPU
		Debug|ARM = Debug|ARM
		Debug|x86 = Debug|x86
		Release|Any CPU = Release|Any CPU
		Release|ARM = Release|ARM
		Release|x86 = Release|x86
	EndGlobalSection
	GlobalSection(ProjectConfigurationPlatforms) = postSolution
		{8330BA47-6A57-4359-A616-C61A17A74193}.Debug|Any CPU.ActiveCfg = Debug|Any CPU
		{8330BA47-6A57-4359-A616-C61A17A74193}.Debug|Any CPU.Build.0 = Debug|Any CPU
		{8330BA47-6A57-4359-A616-C61A17A74193}.Debug|Any CPU.Deploy.0 = Debug|Any CPU
		{8330BA47-6A57-4359-A616-C61A17A74193}.Debug|ARM.ActiveCfg = Debug|ARM
		{8330BA47-6A57-4359-A616-C61A17A74193}.Debug|ARM.Build.0 = Debug|ARM
		{8330BA47-6A57-4359-A616-C61A17A74193}.Debug|ARM.Deploy.0 = Debug|ARM
		{8330BA47-6A57-4359-A616-C61A17A74193}.Debug|x86.ActiveCfg = Debug|x86
		{8330BA47-6A57-4359-A616-C61A17A74193}.Debug|x86.Build.0 = Debug|x86
		{8330BA47-6A57-4359-A616-C61A17A74193}.Debug|x86.Deploy.0 = Debug|x86
		{8330BA47-6A57-4359-A616-C61A17A74193}.Release|Any CPU.ActiveCfg = Release|Any CPU
		{8330BA47-6A57-4359-A616-C61A17A74193}.Release|Any CPU.Build.0 = Release|Any CPU
		{8330BA47-6A57-4359-A616-C61A17A74193}.Release|Any CPU.Deploy.0 = Release|Any CPU
		{8330BA47-6A57-4359-A616-C61A17A74193}.Release|ARM.ActiveCfg = Release|ARM
		{8330BA47-6A57-4359-A616-C61A17A74193}.Release|ARM.Build.0 = Release|ARM
		{8330BA47-6A57-4359-A616-C61A17A74193}.Release|ARM.Deploy.0 = Release|ARM
		{8330BA47-6A57-4359-A616-C61A17A74193}.Release|x86.ActiveCfg = Release|x86
		{8330BA47-6A57-4359-A616-C61A17A74193}.Release|x86.Build.0 = Release|x86
		{8330BA47-6A57-4359-A616-C61A17A74193}.Release|x86.Deploy.0 = Release|x86
		{F8CB98DD-0465-49FD-9952-34E5A28888F2}.Debug|Any CPU.ActiveCfg = Debug|Any CPU
		{F8CB98DD-0465-49FD-9952-34E5A28888F2}.Debug|Any CPU.Build.0 = Debug|Any CPU
		{F8CB98DD-0465-49FD-9952-34E5A28888F2}.Debug|ARM.ActiveCfg = Debug|Any CPU
		{F8CB98DD-0465-49FD-9952-34E5A28888F2}.Debug|x86.ActiveCfg = Debug|Any CPU
		{F8CB98DD-0465-49FD-9952-34E5A28888F2}.Release|Any CPU.ActiveCfg = Release|Any CPU
		{F8CB98DD-0465-49FD-9952-34E5A28888F2}.Release|Any CPU.Build.0 = Release|Any CPU
		{F8CB98DD-0465-49FD-9952-34E5A28888F2}.Release|ARM.ActiveCfg = Release|Any CPU
		{F8CB98DD-0465-49FD-9952-34E5A28888F2}.Release|x86.ActiveCfg = Release|Any CPU
	EndGlobalSection
	GlobalSection(SolutionProperties) = preSolution
		HideSolutionNode = FALSE
	EndGlobalSection
EndGlobal
